{
    "_readme": [
        "This file locks the dependencies of your project to a known state",
        "Read more about it at https://getcomposer.org/doc/01-basic-usage.md#installing-dependencies",
        "This file is @generated automatically"
    ],
    "content-hash": "75cc1b4fa34764d687d918e9fcef62ba",
    "packages": [
        {
            "name": "klementinweb/klementin-wp",
            "version": "1.1.1",
            "source": {
                "type": "git",
                "url": "https://github.com/PatrickSH/klementin-wp.git",
                "reference": "060089565b49aabf0df2273a0f9f6dc06ccc2782"
            },
            "dist": {
                "type": "zip",
                "url": "https://api.github.com/repos/PatrickSH/klementin-wp/zipball/060089565b49aabf0df2273a0f9f6dc06ccc2782",
                "reference": "060089565b49aabf0df2273a0f9f6dc06ccc2782",
                "shasum": ""
            },
            "type": "library",
            "autoload": {
                "classmap": [
                    "src"
                ]
            },
            "notification-url": "https://packagist.org/downloads/",
            "authors": [
                {
                    "name": "Klementin",
                    "email": "kaffe@klementin.dk"
                }
            ],
            "description": "Make WordPress developmemnt easier",
            "support": {
                "issues": "https://github.com/PatrickSH/klementin-wp/issues",
                "source": "https://github.com/PatrickSH/klementin-wp/tree/1.1.1"
            },
            "time": "2022-03-16T08:36:47+00:00"
        }
    ],
    "packages-dev": [],
    "aliases": [],
    "minimum-stability": "stable",
    "stability-flags": [],
    "prefer-stable": false,
    "prefer-lowest": false,
    "platform": [],
    "platform-dev": [],
    "plugin-api-version": "2.2.0"
}
